{
  "version": "5",
  "specifiers": {
    "jsr:@std/assert@^1.0.19": "1.0.19",
    "jsr:@std/async@^1.5.0": "1.5.0",
    "jsr:@std/data-structures@^1.1.1": "1.1.2",
    "jsr:@std/encoding@^1.0.10": "1.0.11",
    "jsr:@std/encoding@^1.0.11": "1.0.11",
    "jsr:@std/fs@^1.0.24": "1.0.24",
    "jsr:@std/internal@^1.0.12": "1.0.14",
    "jsr:@std/internal@^1.0.14": "1.0.14",
    "jsr:@std/path@^1.1.5": "1.1.6",
    "jsr:@std/path@^1.1.6": "1.1.6",
    "jsr:@wazoo/sparql-engine@~0.4.1": "0.4.1",
    "jsr:@worlds/sdk@~0.6.1": "0.6.1",
    "npm:@ai-sdk/google@^4.0.50": "4.0.50_zod@4.4.3",
    "npm:@electric-sql/pglite-pgvector@^0.0.5": "0.0.5_@electric-sql+pglite@0.5.6",
    "npm:@electric-sql/pglite@~0.5.6": "0.5.6",
    "npm:@langchain/core@^1.2.9": "1.2.9",
    "npm:@langchain/textsplitters@^1.0.1": "1.0.1_@langchain+core@1.2.9",
    "npm:@rdfjs/types@^2.0.1": "2.0.1",
    "npm:@types/n3@1.26.1": "1.26.1",
    "npm:ai@^6.0.195": "6.0.264_zod@4.4.3",
    "npm:ai@^7.0.77": "7.0.77_zod@4.4.3",
    "npm:n3@^2.2.11": "2.2.11",
    "npm:pgvector@0.3": "0.3.0",
    "npm:postgres@^3.4.9": "3.4.9",
    "npm:rdf-canonize@5": "5.0.0",
    "npm:zod@^4.4.3": "4.4.3"
  },
  "jsr": {
    "@std/assert@1.0.19": {
      "integrity": "eaada96ee120cb980bc47e040f82814d786fe8162ecc53c91d8df60b8755991e",
      "dependencies": [
        "jsr:@std/internal@^1.0.12"
      ]
    },
    "@std/async@1.5.0": {
      "integrity": "4c1f22d287a17ad7d8643b1952bc5a4d21e5d8b68dc8c20d8268eecc69096e82",
      "dependencies": [
        "jsr:@std/data-structures"
      ]
    },
    "@std/data-structures@1.1.2": {
      "integrity": "2471377c9e0051f9ec34e57d0ebd0ad133a5a889677446ec6ba9938e4e102918"
    },
    "@std/encoding@1.0.11": {
      "integrity": "e7cef2f0b3153bccc17431e7c864a1de03a4b6d9647389c43e08aaa775d37385"
    },
    "@std/fs@1.0.24": {
      "integrity": "f3061b45b81673a2bece689da041df32d174be064c89eb6397fb5718d3fb7877",
      "dependencies": [
        "jsr:@std/internal@^1.0.14",
        "jsr:@std/path@^1.1.5"
      ]
    },
    "@std/internal@1.0.14": {
      "integrity": "291516b3d4c35024d6ffbc0a9df5bf4c64116e05b50012cf846710152d2ffdf7"
    },
    "@std/path@1.1.6": {
      "integrity": "c68485c2a4dfbb5ae3cc74fae4e8c4e5d874cf8a8ed12927917235c758b46cbe",
      "dependencies": [
        "jsr:@std/internal@^1.0.14"
      ]
    },
    "@wazoo/sparql-engine@0.4.1": {
      "integrity": "6881bda5e45aaf8bac2cd87f8b43db5db51d307fccbffc1cd4edaa46454f9bd7",
      "dependencies": [
        "npm:@rdfjs/types"
      ]
    },
    "@worlds/sdk@0.6.1": {
      "integrity": "12a1ba2d69322b13e1b271c00e9c7873cd4d5aca8b08b681f40fa004808067d6",
      "dependencies": [
        "jsr:@std/encoding@^1.0.10",
        "jsr:@wazoo/sparql-engine",
        "npm:@rdfjs/types",
        "npm:ai@^6.0.195"
      ]
    }
  },
  "npm": {
    "@ai-sdk/gateway@3.0.179_zod@4.4.3": {
      "integrity": "sha512-UauCMcauBgcYNljb7RP4HEuUZj3dlk/yz0oOHdhGr3cXoe+uwwN9qwQlLlB2hnajXudSatI2xpPG8LiHPRgwLQ==",
      "dependencies": [
        "@ai-sdk/provider@3.0.15",
        "@ai-sdk/provider-utils@4.0.46_zod@4.4.3",
        "@vercel/oidc",
        "zod"
      ]
    },
    "@ai-sdk/gateway@4.0.62_zod@4.4.3": {
      "integrity": "sha512-zR3pustGWhw5eUZHG+fJZx/V/PBe+LxdDpc5hDFWxozG/3MB/+eY62jn+YiR+9uOH+Hx63e5zJoeKLfZfPktWQ==",
      "dependencies": [
        "@ai-sdk/provider@4.0.7",
        "@ai-sdk/provider-utils@5.0.29_zod@4.4.3",
        "@vercel/oidc",
        "zod"
      ]
    },
    "@ai-sdk/google@4.0.50_zod@4.4.3": {
      "integrity": "sha512-n7aMmqw6ZGVNBDAiv89fZkuZp3ahfzwZTXsdW27WugXdFSIuLTlYBZ+FlKGRdk1pRMPrdIGT2GPL2Ra0Gc2Tkg==",
      "dependencies": [
        "@ai-sdk/provider@4.0.7",
        "@ai-sdk/provider-utils@5.0.29_zod@4.4.3",
        "zod"
      ]
    },
    "@ai-sdk/provider-utils@4.0.46_zod@4.4.3": {
      "integrity": "sha512-tEtld97plCFiYevsJuOkGkeuhQndeMWFBVrJS4AjnbD5AqrNSXRCe0p+BZ3Cju/sxDeeZ9ym3q9YUV8fASA7aQ==",
      "dependencies": [
        "@ai-sdk/provider@3.0.15",
        "@standard-schema/spec",
        "eventsource-parser",
        "undici@6.28.0",
        "zod"
      ]
    },
    "@ai-sdk/provider-utils@5.0.29_zod@4.4.3": {
      "integrity": "sha512-7EIbwXiXKGa7EFk6tDZpuZBs6lxhEJpOuHeqrDb3Vd85uYdjwkdRuHnZDVDIIb2+QTSRmyph2NrXcbvuO/KAjQ==",
      "dependencies": [
        "@ai-sdk/provider@4.0.7",
        "@standard-schema/spec",
        "@workflow/serde",
        "eventsource-parser",
        "undici@7.29.0",
        "zod"
      ]
    },
    "@ai-sdk/provider@3.0.15": {
      "integrity": "sha512-XeZW1CcDF2GMbH4wejW6xBRI2QCOgnkVYUnxoeDadB1mf85riL2bMUeDoh+6gJ/r4mjNfzUPW8OjLjvwTP0u1Q==",
      "dependencies": [
        "json-schema"
      ]
    },
    "@ai-sdk/provider@4.0.7": {
      "integrity": "sha512-6or44XprPzKbr8zkmzosowSE0pxkvJcoojBL+mCZvPUt3kvXp3XSNqeVun9golb1acEfSo6yaEBRT18h2VU+1Q==",
      "dependencies": [
        "json-schema"
      ]
    },
    "@cfworker/json-schema@4.1.1": {
      "integrity": "sha512-gAmrUZSGtKc3AiBL71iNWxDsyUC5uMaKKGdvzYsBoTW/xi42JQHl7eKV2OYzCUqvc+D2RCcf7EXY2iCyFIk6og=="
    },
    "@electric-sql/pglite-pgvector@0.0.5_@electric-sql+pglite@0.5.6": {
      "integrity": "sha512-KEPAkD/3FN6WlDM6XPi2Ko1Xk0ecjOU9OfzCoclVkiRoEVNRYwKo1iO+tlkelMgp07SszmSC4JdSBueH2p7uOQ==",
      "dependencies": [
        "@electric-sql/pglite"
      ]
    },
    "@electric-sql/pglite@0.5.6": {
      "integrity": "sha512-ipn6AOHouIRwNSVL+0hIRuM3yDwAWgRmvZuj+45sudzKpmdPbG8hQuQDZ4A8l7U8E0l7u6pJ/VtMEW42w+vEKQ=="
    },
    "@langchain/core@1.2.9": {
      "integrity": "sha512-conzSEj9Zu1AyXJLXsSbgrtxtxinmI1yGqQ5CIJZSoV5rvv+yvQE/vgBnoySpBQ/bl3YPgj2FL/gbDjWykLSfg==",
      "dependencies": [
        "@cfworker/json-schema",
        "@standard-schema/spec",
        "js-tiktoken",
        "langsmith",
        "mustache",
        "p-queue",
        "zod"
      ]
    },
    "@langchain/textsplitters@1.0.1_@langchain+core@1.2.9": {
      "integrity": "sha512-rheJlB01iVtrOUzttscutRgLybPH9qR79EyzBEbf1u97ljWyuxQfCwIWK+SjoQTM9O8M7GGLLRBSYE26Jmcoww==",
      "dependencies": [
        "@langchain/core",
        "js-tiktoken"
      ]
    },
    "@opentelemetry/api@1.9.1": {
      "integrity": "sha512-gLyJlPHPZYdAk1JENA9LeHejZe1Ti77/pTeFm/nMXmQH/HFZlcS/O2XJB+L8fkbrNSqhdtlvjBVjxwUYanNH5Q=="
    },
    "@rdfjs/types@2.0.1": {
      "integrity": "sha512-uyAzpugX7KekAXAHq26m3JlUIZJOC0uSBhpnefGV5i15bevDyyejoB7I+9MKeUrzXD8OOUI3+4FeV1wwQr5ihA==",
      "dependencies": [
        "@types/node"
      ]
    },
    "@standard-schema/spec@1.1.0": {
      "integrity": "sha512-l2aFy5jALhniG5HgqrD6jXLi/rUWrKvqN/qJx6yoJsgKhblVd+iqqU4RCXavm/jPityDo5TCvKMnpjKnOriy0w=="
    },
    "@types/n3@1.26.1": {
      "integrity": "sha512-TilYHzpU6ecXVJAbV+6o17Z8ZkWLWx6ZJD3IluaU4RiGHxqjU2or9fopxFHS6iXS6qcl5Mg1K3wSx9L8xxJaJQ==",
      "dependencies": [
        "@rdfjs/types",
        "@types/node"
      ]
    },
    "@types/node@26.2.0": {
      "integrity": "sha512-5IviulTZeRNp2vAJ514cc/HUlY5nZ9fCbq9DMyC52BrhFZACo3nI0R7qBxhQmo/d27NFe96ur/b7Wwxklda+kg==",
      "dependencies": [
        "undici-types"
      ]
    },
    "@vercel/oidc@3.2.0": {
      "integrity": "sha512-UycprH3T6n3jH0k44NHMa7pnFHGu/N05MjojYr+Mc6I7obkoLIJujSWwin1pCvdy/eOxrI/l3uDLQsmcrOb4ug=="
    },
    "@workflow/serde@4.1.0": {
      "integrity": "sha512-pav4F2BoirECWR7Nf1TKt+2eETcBj7jj4cBefQ8VXQCA6NPkaKeLfj/zMgi+3zYV5ZIBT4GuUiphsj0/b9hPQQ=="
    },
    "abort-controller@3.0.0": {
      "integrity": "sha512-h8lQ8tacZYnR3vNQTgibj+tODHI5/+l06Au2Pcriv/Gmet0eaj4TwWH41sO9wnHDiQsEj19q0drzdWdeAHtweg==",
      "dependencies": [
        "event-target-shim"
      ]
    },
    "ai@6.0.264_zod@4.4.3": {
      "integrity": "sha512-te59gArDNXoQYWuOkZNdM7n3McETAPWFuwT/iKWRJXySV/doIuKm8Az4X6IOalaGp3K8zqGT/ICn08z5ZZNDuw==",
      "dependencies": [
        "@ai-sdk/gateway@3.0.179_zod@4.4.3",
        "@ai-sdk/provider@3.0.15",
        "@ai-sdk/provider-utils@4.0.46_zod@4.4.3",
        "@opentelemetry/api",
        "zod"
      ]
    },
    "ai@7.0.77_zod@4.4.3": {
      "integrity": "sha512-muLtBSTAUCreR77L16w4AFBiX2gK/RNt84EKp8m03SN9+MfNlC5EGqYYttRjYKV3xe0a33yj1Zawj1EnjejIWw==",
      "dependencies": [
        "@ai-sdk/gateway@4.0.62_zod@4.4.3",
        "@ai-sdk/provider@4.0.7",
        "@ai-sdk/provider-utils@5.0.29_zod@4.4.3",
        "zod"
      ]
    },
    "base64-js@1.5.1": {
      "integrity": "sha512-AKpaYlHn8t4SVbOHCy+b5+KKgvR4vrsD8vbvrbiQJps7fKDTkjkDry6ji0rUJjC0kzbNePLwzxq8iypo41qeWA=="
    },
    "buffer@6.0.3": {
      "integrity": "sha512-FTiCpNxtwiZZHEZbcbTIcZjERVICn9yq/pDFkTl95/AxzD1naBctN7YO68riM/gLSDY7sdrMby8hofADYuuqOA==",
      "dependencies": [
        "base64-js",
        "ieee754"
      ]
    },
    "event-target-shim@5.0.1": {
      "integrity": "sha512-i/2XbnSz/uxRCU6+NdVJgKWDTM427+MqYbkQzD321DuCQJUqOuJKIA0IM2+W2xtYHdKOmZ4dR6fExsd4SXL+WQ=="
    },
    "eventemitter3@4.0.7": {
      "integrity": "sha512-8guHBZCwKnFhYdHr2ysuRWErTwhoN2X8XELRlrRwpmfeY2jjuUN4taQMsULKUVo1K4DvZl+0pgfyoysHxvmvEw=="
    },
    "events@3.3.0": {
      "integrity": "sha512-mQw+2fkQbALzQ7V0MY0IqdnXNOeTtP4r0lN9z7AAawCXgqea7bDii20AYrIBrFd/Hx0M2Ocz6S111CaFkUcb0Q=="
    },
    "eventsource-parser@3.1.1": {
      "integrity": "sha512-EKN1vKAMcZ8MlYMpaNuxN6R9yakzH6uajHcHVTqWJzvu5pWw9DyhbP35HH8MVBQ+dZjAfDxk+A8NiR9KWaXiyQ=="
    },
    "ieee754@1.2.1": {
      "integrity": "sha512-dcyqhDvX1C46lXZcVqCpK+FtMRQVdIMN6/Df5js2zouUsqG7I6sFxitIC+7KYK29KdXOLHdu9zL4sFnoVQnqaA=="
    },
    "js-tiktoken@1.0.21": {
      "integrity": "sha512-biOj/6M5qdgx5TKjDnFT1ymSpM5tbd3ylwDtrQvFQSu0Z7bBYko2dF+W/aUkXUPuk6IVpRxk/3Q2sHOzGlS36g==",
      "dependencies": [
        "base64-js"
      ]
    },
    "json-schema@0.4.0": {
      "integrity": "sha512-es94M3nTIfsEPisRafak+HDLfHXnKBhV3vU5eqPcS3flIWqcxJWgXHXiey3YrpaNsanY5ei1VoYEbOzijuq9BA=="
    },
    "langsmith@0.8.1": {
      "integrity": "sha512-Y48oSj51aLvehAVwy+VU2i9COlCFmLi9T5REFyL4pWT2npcIKiBSiSlnyjxdkNXOdZ0YYz7Lud8aiZPjkjkXvA==",
      "dependencies": [
        "p-queue"
      ]
    },
    "mustache@4.2.0": {
      "integrity": "sha512-71ippSywq5Yb7/tVYyGbkBggbU8H3u5Rz56fH60jGFgr8uHwxs+aSKeqmluIVzM0m0kB7xQjKS6qPfd0b2ZoqQ==",
      "bin": true
    },
    "n3@2.2.11": {
      "integrity": "sha512-La460srjrwM4wQ6I+IrWhXeaIn4sPV2B61SjPhABWNg9iUTLY7WK9MCxVhyoY05z/oq2ucayxtzIfQOO2Gz10g==",
      "dependencies": [
        "buffer",
        "readable-stream"
      ]
    },
    "p-finally@1.0.0": {
      "integrity": "sha512-LICb2p9CB7FS+0eR1oqWnHhp0FljGLZCWBE9aix0Uye9W8LTQPwMTYVGWQWIw9RdQiDg4+epXQODwIYJtSJaow=="
    },
    "p-queue@6.6.2": {
      "integrity": "sha512-RwFpb72c/BhQLEXIZ5K2e+AhgNVmIejGlTgiB9MzZ0e93GRvqZ7uSi0dvRF7/XIXDeNkra2fNHBxTyPDGySpjQ==",
      "dependencies": [
        "eventemitter3",
        "p-timeout"
      ]
    },
    "p-timeout@3.2.0": {
      "integrity": "sha512-rhIwUycgwwKcP9yTOOFK/AKsAopjjCakVqLHePO3CC6Mir1Z99xT+R63jZxAT5lFZLa2inS5h+ZS2GvR99/FBg==",
      "dependencies": [
        "p-finally"
      ]
    },
    "pgvector@0.3.0": {
      "integrity": "sha512-+t7qcQD2us8fO8YIq/3lA0gUrD+bVO70MG1MhcDcxJz/OlRGGIIHzFq/4x57Vn/LpzX5wFdfOTLQp9QMPd4ljQ=="
    },
    "postgres@3.4.9": {
      "integrity": "sha512-GD3qdB0x1z9xgFI6cdRD6xu2Sp2WCOEoe3mtnyB5Ee0XrrL5Pe+e4CCnJrRMnL1zYtRDZmQQVbvOttLnKDLnaw=="
    },
    "process@0.11.10": {
      "integrity": "sha512-cdGef/drWFoydD1JsMzuFf8100nZl+GT+yacc2bEced5f9Rjk4z+WtFUTBu9PhOi9j/jfmBPu0mMEY4wIdAF8A=="
    },
    "rdf-canonize@5.0.0": {
      "integrity": "sha512-g8OUrgMXAR9ys/ZuJVfBr05sPPoMA7nHIVs8VEvg9QwM5W4GR2qSFEEHjsyHF1eWlBaf8Ev40WNjQFQ+nJTO3w==",
      "dependencies": [
        "setimmediate"
      ]
    },
    "readable-stream@4.7.0": {
      "integrity": "sha512-oIGGmcpTLwPga8Bn6/Z75SVaH1z5dUut2ibSyAMVhmUggWpmDn2dapB0n7f8nwaSiRtepAsfJyfXIO5DCVAODg==",
      "dependencies": [
        "abort-controller",
        "buffer",
        "events",
        "process",
        "string_decoder"
      ]
    },
    "safe-buffer@5.2.1": {
      "integrity": "sha512-rp3So07KcdmmKbGvgaNxQSJr7bGVSVk5S9Eq1F+ppbRo70+YeaDxkw5Dd8NPN+GD6bjnYm2VuPuCXmpuYvmCXQ=="
    },
    "setimmediate@1.0.5": {
      "integrity": "sha512-MATJdZp8sLqDl/68LfQmbP8zKPLQNV6BIZoIgrscFDQ+RsvK/BxeDQOgyxKKoh0y/8h3BqVFnCqQ/gd+reiIXA=="
    },
    "string_decoder@1.3.0": {
      "integrity": "sha512-hkRX8U1WjJFd8LsDJ2yQ/wWWxaopEsABU1XfkM8A+j0+85JAGppt16cr1Whg6KIbb4okU6Mql6BOj+uup/wKeA==",
      "dependencies": [
        "safe-buffer"
      ]
    },
    "undici-types@8.3.0": {
      "integrity": "sha512-j375ScV60dom+YkPFIfTLcOiPxkN/buHz5GobjLhixFuANaNs3C9l4GmrWqejgXWJ7BbJcFYpTEUkS1Ge8bpZQ=="
    },
    "undici@6.28.0": {
      "integrity": "sha512-LIY910g9TI13YS95lrMFrs8Rm/u/irgHeTWoKCoteeJ04CUJ92eEfj0rVn+7VKMPBpUPiUoBKfhNyLI23EE/KA=="
    },
    "undici@7.29.0": {
      "integrity": "sha512-IDxfleLmmbSskfWSUATiN1nfn2rDuvnMOqb5CWR92iIfojA0Ud+ulOAAEQ57LPr9rWmsreUyf5lwyao+7GNNVw=="
    },
    "zod@4.4.3": {
      "integrity": "sha512-ytENFjIJFl2UwYglde2jchW2Hwm4GJFLDiSXWdTrJQBIN9Fcyp7n4DhxJEiWNAJMV1/BqWfW/kkg71UDcHJyTQ=="
    }
  },
  "workspace": {
    "dependencies": [
      "jsr:@std/assert@^1.0.19",
      "jsr:@std/async@^1.5.0",
      "jsr:@std/encoding@^1.0.11",
      "jsr:@std/fs@^1.0.24",
      "jsr:@std/path@^1.1.6",
      "jsr:@wazoo/sparql-engine@~0.4.1",
      "jsr:@worlds/sdk@~0.6.1",
      "npm:@ai-sdk/google@^4.0.50",
      "npm:@electric-sql/pglite-pgvector@^0.0.5",
      "npm:@electric-sql/pglite@~0.5.6",
      "npm:@langchain/core@^1.2.9",
      "npm:@langchain/textsplitters@^1.0.1",
      "npm:@rdfjs/types@^2.0.1",
      "npm:@types/n3@1.26.1",
      "npm:ai@^7.0.77",
      "npm:n3@^2.2.11",
      "npm:pgvector@0.3",
      "npm:postgres@^3.4.9",
      "npm:rdf-canonize@5",
      "npm:zod@^4.4.3"
    ]
  }
}
